
Microsoft Visual Studio Solution File, Format Version 12.00
# Visual Studio 14
VisualStudioVersion = 14.0.25420.1
MinimumVisualStudioVersion = 10.0.40219.1
Project("{FAE04EC0-301F-11D3-BF4B-00C04F79EFBC}") = "WcfEmployeeService", "WcfService1\WcfEmployeeService.csproj", "{8DDE728A-1DF7-40D0-BDC6-01F822CD14ED}"
EndProject
Project("{E24C65DC-7377-472B-9ABA-BC803B73C61A}") = "EmployeeWCFClient(3)", "EmployeeWCFClient\", "{5FE0D51A-88D7-4E10-829F-AB16DDCEC9B4}"
	ProjectSection(WebsiteProperties) = preProject
		TargetFrameworkMoniker = ".NETFramework,Version%3Dv4.5.2"
		Debug.AspNetCompiler.VirtualPath = "/localhost_51792"
		Debug.AspNetCompiler.PhysicalPath = "EmployeeWCFClient\"
		Debug.AspNetCompiler.TargetPath = "PrecompiledWeb\localhost_51792\"
		Debug.AspNetCompiler.Updateable = "true"
		Debug.AspNetCompiler.ForceOverwrite = "true"
		Debug.AspNetCompiler.FixedNames = "false"
		Debug.AspNetCompiler.Debug = "True"
		Release.AspNetCompiler.VirtualPath = "/localhost_51792"
		Release.AspNetCompiler.PhysicalPath = "EmployeeWCFClient\"
		Release.AspNetCompiler.TargetPath = "PrecompiledWeb\localhost_51792\"
		Release.AspNetCompiler.Updateable = "true"
		Release.AspNetCompiler.ForceOverwrite = "true"
		Release.AspNetCompiler.FixedNames = "false"
		Release.AspNetCompiler.Debug = "False"
		VWDPort = "51792"
		SlnRelativePath = "EmployeeWCFClient\"
	EndProjectSection
EndProject
Global
	GlobalSection(SolutionConfigurationPlatforms) = preSolution
		Debug|Any CPU = Debug|Any CPU
		Release|Any CPU = Release|Any CPU
	EndGlobalSection
	GlobalSection(ProjectConfigurationPlatforms) = postSolution
		{8DDE728A-1DF7-40D0-BDC6-01F822CD14ED}.Debug|Any CPU.ActiveCfg = Debug|Any CPU
		{8DDE728A-1DF7-40D0-BDC6-01F822CD14ED}.Debug|Any CPU.Build.0 = Debug|Any CPU
		{8DDE728A-1DF7-40D0-BDC6-01F822CD14ED}.Release|Any CPU.ActiveCfg = Release|Any CPU
		{8DDE728A-1DF7-40D0-BDC6-01F822CD14ED}.Release|Any CPU.Build.0 = Release|Any CPU
		{5FE0D51A-88D7-4E10-829F-AB16DDCEC9B4}.Debug|Any CPU.ActiveCfg = Debug|Any CPU
		{5FE0D51A-88D7-4E10-829F-AB16DDCEC9B4}.Debug|Any CPU.Build.0 = Debug|Any CPU
		{5FE0D51A-88D7-4E10-829F-AB16DDCEC9B4}.Release|Any CPU.ActiveCfg = Debug|Any CPU
		{5FE0D51A-88D7-4E10-829F-AB16DDCEC9B4}.Release|Any CPU.Build.0 = Debug|Any CPU
	EndGlobalSection
	GlobalSection(SolutionProperties) = preSolution
		HideSolutionNode = FALSE
	EndGlobalSection
EndGlobal
